<?xml version="1.0" encoding="utf-8"?>
<Project ToolsVersion="4.0" xmlns="http://schemas.microsoft.com/developer/msbuild/2003">
  <ItemGroup>
    <Filter Include="Source Files">
      <UniqueIdentifier>{4FC737F1-C7A5-4376-A066-2A32D752A2FF}</UniqueIdentifier>
      <Extensions>cpp;c;cc;cxx;c++;cppm;ixx;def;odl;idl;hpj;bat;asm;asmx</Extensions>
    </Filter>
    <Filter Include="Header Files">
      <UniqueIdentifier>{93995380-89BD-4b04-88EB-625FBE52EBFB}</UniqueIdentifier>
      <Extensions>h;hh;hpp;hxx;h++;hm;inl;inc;ipp;xsd</Extensions>
    </Filter>
    <Filter Include="Resource Files">
      <UniqueIdentifier>{67DA6AB6-F800-4c08-8B7A-83BB121AAD01}</UniqueIdentifier>
      <Extensions>rc;ico;cur;bmp;dlg;rc2;rct;bin;rgs;gif;jpg;jpeg;jpe;resx;tiff;tif;png;wav;mfcribbon-ms</Extensions>
    </Filter>
    <Filter Include="Source Files\Shader Files">
      <UniqueIdentifier>{a8b5ff39-85c7-4196-b461-819f918ebb58}</UniqueIdentifier>
    </Filter>
  </ItemGroup>
  <ItemGroup>
    <ClCompile Include="main.cpp">
      <Filter>Source Files</Filter>
    </ClCompile>
    <ClCompile Include="TestBed.cpp">
      <Filter>Source Files</Filter>
    </ClCompile>
    <ClCompile Include="car.cpp">
      <Filter>Source Files</Filter>
    </ClCompile>
  </ItemGroup>
  <ItemGroup>
    <None Include="packages.config" />
    <None Include="shaders\basic.frag" />
    <None Include="shaders\basic.vert" />
    <None Include="shaders\texture.frag" />
    <None Include="shaders\texture.vert" />
    <None Include="shaders\tachometerArrow.frag" />
    <None Include="shaders\tachometerArrow.vert" />
    <None Include="shaders\odometer.vert" />
    <None Include="shaders\checkEngine.frag" />
    <None Include="shaders\battery.frag" />
    <None Include="shaders\gearCircle.frag" />
    <None Include="shaders\bat.frag" />
    <None Include="shaders\bat.vert" />
    <None Include="shaders\speedometerArrow.frag" />
    <None Include="shaders\speedometerArrow.vert" />
    <None Include="shaders\gas.vert" />
  </ItemGroup>
  <ItemGroup>
    <ClInclude Include="TestBed.h">
      <Filter>Header Files</Filter>
    </ClInclude>
    <ClInclude Include="car.h">
      <Filter>Header Files</Filter>
    </ClInclude>
    <ClInclude Include="stb_image.h">
      <Filter>Header Files</Filter>
    </ClInclude>
  </ItemGroup>
  <ItemGroup>
    <Image Include="res\tachometer.jpg">
      <Filter>Resource Files</Filter>
    </Image>
    <Image Include="res\kmbar.jpg">
      <Filter>Resource Files</Filter>
    </Image>
    <Image Include="res\name.jpg">
      <Filter>Resource Files</Filter>
    </Image>
    <Image Include="res\kmbar.png">
      <Filter>Resource Files</Filter>
    </Image>
    <Image Include="res\speedometer.jpg">
      <Filter>Resource Files</Filter>
    </Image>
  </ItemGroup>
</Project>